// !$*UTF8*$!
{
	archiveVersion = 1;
	classes = {
	};
	objectVersion = 48;
	objects = {

/* Begin PBXBuildFile section */
		348BBB401FB795C4009AEFEA /* AppDelegate.swift in Sources */ = {isa = PBXBuildFile; fileRef = 348BBB3F1FB795C4009AEFEA /* AppDelegate.swift */; };
		348BBB421FB795C4009AEFEA /* ViewController.swift in Sources */ = {isa = PBXBuildFile; fileRef = 348BBB411FB795C4009AEFEA /* ViewController.swift */; };
		348BBB471FB795C4009AEFEA /* Assets.xcassets in Resources */ = {isa = PBXBuildFile; fileRef = 348BBB461FB795C4009AEFEA /* Assets.xcassets */; };
		348BBB4A1FB795C4009AEFEA /* LaunchScreen.storyboard in Resources */ = {isa = PBXBuildFile; fileRef = 348BBB481FB795C4009AEFEA /* LaunchScreen.storyboard */; };
		348BBB551FB795C4009AEFEA /* scratchMMVC2Tests.swift in Sources */ = {isa = PBXBuildFile; fileRef = 348BBB541FB795C4009AEFEA /* scratchMMVC2Tests.swift */; };
		348BBB611FB7970A009AEFEA /* MainViewController.swift in Sources */ = {isa = PBXBuildFile; fileRef = 348BBB601FB7970A009AEFEA /* MainViewController.swift */; };
		348BBB631FB7984E009AEFEA /* MessageViewController.swift in Sources */ = {isa = PBXBuildFile; fileRef = 348BBB621FB7984E009AEFEA /* MessageViewController.swift */; };
		348BBB651FB79AAE009AEFEA /* MessageViewControllerDelegate.swift in Sources */ = {isa = PBXBuildFile; fileRef = 348BBB641FB79AAE009AEFEA /* MessageViewControllerDelegate.swift */; };
		348BBB671FB79C18009AEFEA /* MessageViewController.xib in Resources */ = {isa = PBXBuildFile; fileRef = 348BBB661FB79C18009AEFEA /* MessageViewController.xib */; };
/* End PBXBuildFile section */

/* Begin PBXContainerItemProxy section */
		348BBB511FB795C4009AEFEA /* PBXContainerItemProxy */ = {
			isa = PBXContainerItemProxy;
			containerPortal = 348BBB341FB795C4009AEFEA /* Project object */;
			proxyType = 1;
			remoteGlobalIDString = 348BBB3B1FB795C4009AEFEA;
			remoteInfo = scratchMMVC2;
		};
/* End PBXContainerItemProxy section */

/* Begin PBXFileReference section */
		348BBB3C1FB795C4009AEFEA /* scratchMMVC2.app */ = {isa = PBXFileReference; explicitFileType = wrapper.application; includeInIndex = 0; path = scratchMMVC2.app; sourceTree = BUILT_PRODUCTS_DIR; };
		348BBB3F1FB795C4009AEFEA /* AppDelegate.swift */ = {isa = PBXFileReference; lastKnownFileType = sourcecode.swift; path = AppDelegate.swift; sourceTree = "<group>"; };
		348BBB411FB795C4009AEFEA /* ViewController.swift */ = {isa = PBXFileReference; lastKnownFileType = sourcecode.swift; path = ViewController.swift; sourceTree = "<group>"; };
		348BBB461FB795C4009AEFEA /* Assets.xcassets */ = {isa = PBXFileReference; lastKnownFileType = folder.assetcatalog; path = Assets.xcassets; sourceTree = "<group>"; };
		348BBB491FB795C4009AEFEA /* Base */ = {isa = PBXFileReference; lastKnownFileType = file.storyboard; name = Base; path = Base.lproj/LaunchScreen.storyboard; sourceTree = "<group>"; };
		348BBB4B1FB795C4009AEFEA /* Info.plist */ = {isa = PBXFileReference; lastKnownFileType = text.plist.xml; path = Info.plist; sourceTree = "<group>"; };
		348BBB501FB795C4009AEFEA /* scratchMMVC2Tests.xctest */ = {isa = PBXFileReference; explicitFileType = wrapper.cfbundle; includeInIndex = 0; path = scratchMMVC2Tests.xctest; sourceTree = BUILT_PRODUCTS_DIR; };
		348BBB541FB795C4009AEFEA /* scratchMMVC2Tests.swift */ = {isa = PBXFileReference; lastKnownFileType = sourcecode.swift; path = scratchMMVC2Tests.swift; sourceTree = "<group>"; };
		348BBB561FB795C4009AEFEA /* Info.plist */ = {isa = PBXFileReference; lastKnownFileType = text.plist.xml; path = Info.plist; sourceTree = "<group>"; };
		348BBB601FB7970A009AEFEA /* MainViewController.swift */ = {isa = PBXFileReference; lastKnownFileType = sourcecode.swift; path = MainViewController.swift; sourceTree = "<group>"; };
		348BBB621FB7984E009AEFEA /* MessageViewController.swift */ = {isa = PBXFileReference; lastKnownFileType = sourcecode.swift; path = MessageViewController.swift; sourceTree = "<group>"; };
		348BBB641FB79AAE009AEFEA /* MessageViewControllerDelegate.swift */ = {isa = PBXFileReference; lastKnownFileType = sourcecode.swift; path = MessageViewControllerDelegate.swift; sourceTree = "<group>"; };
		348BBB661FB79C18009AEFEA /* MessageViewController.xib */ = {isa = PBXFileReference; lastKnownFileType = file.xib; path = MessageViewController.xib; sourceTree = "<group>"; };
/* End PBXFileReference section */

/* Begin PBXFrameworksBuildPhase section */
		348BBB391FB795C4009AEFEA /* Frameworks */ = {
			isa = PBXFrameworksBuildPhase;
			buildActionMask = 2147483647;
			files = (
			);
			runOnlyForDeploymentPostprocessing = 0;
		};
		348BBB4D1FB795C4009AEFEA /* Frameworks */ = {
			isa = PBXFrameworksBuildPhase;
			buildActionMask = 2147483647;
			files = (
			);
			runOnlyForDeploymentPostprocessing = 0;
		};
/* End PBXFrameworksBuildPhase section */

/* Begin PBXGroup section */
		348BBB331FB795C4009AEFEA = {
			isa = PBXGroup;
			children = (
				348BBB3E1FB795C4009AEFEA /* scratchMMVC2 */,
				348BBB531FB795C4009AEFEA /* scratchMMVC2Tests */,
				348BBB3D1FB795C4009AEFEA /* Products */,
			);
			sourceTree = "<group>";
		};
		348BBB3D1FB795C4009AEFEA /* Products */ = {
			isa = PBXGroup;
			children = (
				348BBB3C1FB795C4009AEFEA /* scratchMMVC2.app */,
				348BBB501FB795C4009AEFEA /* scratchMMVC2Tests.xctest */,
			);
			name = Products;
			sourceTree = "<group>";
		};
		348BBB3E1FB795C4009AEFEA /* scratchMMVC2 */ = {
			isa = PBXGroup;
			children = (
				348BBB5F1FB796E8009AEFEA /* View Controllers */,
				348BBB3F1FB795C4009AEFEA /* AppDelegate.swift */,
				348BBB411FB795C4009AEFEA /* ViewController.swift */,
				348BBB461FB795C4009AEFEA /* Assets.xcassets */,
				348BBB481FB795C4009AEFEA /* LaunchScreen.storyboard */,
				348BBB4B1FB795C4009AEFEA /* Info.plist */,
			);
			path = scratchMMVC2;
			sourceTree = "<group>";
		};
		348BBB531FB795C4009AEFEA /* scratchMMVC2Tests */ = {
			isa = PBXGroup;
			children = (
				348BBB541FB795C4009AEFEA /* scratchMMVC2Tests.swift */,
				348BBB561FB795C4009AEFEA /* Info.plist */,
			);
			path = scratchMMVC2Tests;
			sourceTree = "<group>";
		};
		348BBB5F1FB796E8009AEFEA /* View Controllers */ = {
			isa = PBXGroup;
			children = (
				348BBB601FB7970A009AEFEA /* MainViewController.swift */,
				348BBB621FB7984E009AEFEA /* MessageViewController.swift */,
				348BBB661FB79C18009AEFEA /* MessageViewController.xib */,
				348BBB641FB79AAE009AEFEA /* MessageViewControllerDelegate.swift */,
			);
			path = "View Controllers";
			sourceTree = "<group>";
		};
/* End PBXGroup section */

/* Begin PBXNativeTarget section */
		348BBB3B1FB795C4009AEFEA /* scratchMMVC2 */ = {
			isa = PBXNativeTarget;
			buildConfigurationList = 348BBB591FB795C4009AEFEA /* Build configuration list for PBXNativeTarget "scratchMMVC2" */;
			buildPhases = (
				348BBB381FB795C4009AEFEA /* Sources */,
				348BBB391FB795C4009AEFEA /* Frameworks */,
				348BBB3A1FB795C4009AEFEA /* Resources */,
			);
			buildRules = (
			);
			dependencies = (
			);
			name = scratchMMVC2;
			productName = scratchMMVC2;
			productReference = 348BBB3C1FB795C4009AEFEA /* scratchMMVC2.app */;
			productType = "com.apple.product-type.application";
		};
		348BBB4F1FB795C4009AEFEA /* scratchMMVC2Tests */ = {
			isa = PBXNativeTarget;
			buildConfigurationList = 348BBB5C1FB795C4009AEFEA /* Build configuration list for PBXNativeTarget "scratchMMVC2Tests" */;
			buildPhases = (
				348BBB4C1FB795C4009AEFEA /* Sources */,
				348BBB4D1FB795C4009AEFEA /* Frameworks */,
				348BBB4E1FB795C4009AEFEA /* Resources */,
			);
			buildRules = (
			);
			dependencies = (
				348BBB521FB795C4009AEFEA /* PBXTargetDependency */,
			);
			name = scratchMMVC2Tests;
			productName = scratchMMVC2Tests;
			productReference = 348BBB501FB795C4009AEFEA /* scratchMMVC2Tests.xctest */;
			productType = "com.apple.product-type.bundle.unit-test";
		};
/* End PBXNativeTarget section */

/* Begin PBXProject section */
		348BBB341FB795C4009AEFEA /* Project object */ = {
			isa = PBXProject;
			attributes = {
				LastSwiftUpdateCheck = 0900;
				LastUpgradeCheck = 0900;
				ORGANIZATIONNAME = "Vincent O'Sullivan";
				TargetAttributes = {
					348BBB3B1FB795C4009AEFEA = {
						CreatedOnToolsVersion = 9.0.1;
						ProvisioningStyle = Automatic;
					};
					348BBB4F1FB795C4009AEFEA = {
						CreatedOnToolsVersion = 9.0.1;
						ProvisioningStyle = Automatic;
						TestTargetID = 348BBB3B1FB795C4009AEFEA;
					};
				};
			};
			buildConfigurationList = 348BBB371FB795C4009AEFEA /* Build configuration list for PBXProject "scratchMMVC2" */;
			compatibilityVersion = "Xcode 8.0";
			developmentRegion = en;
			hasScannedForEncodings = 0;
			knownRegions = (
				en,
				Base,
			);
			mainGroup = 348BBB331FB795C4009AEFEA;
			productRefGroup = 348BBB3D1FB795C4009AEFEA /* Products */;
			projectDirPath = "";
			projectRoot = "";
			targets = (
				348BBB3B1FB795C4009AEFEA /* scratchMMVC2 */,
				348BBB4F1FB795C4009AEFEA /* scratchMMVC2Tests */,
			);
		};
/* End PBXProject section */

/* Begin PBXResourcesBuildPhase section */
		348BBB3A1FB795C4009AEFEA /* Resources */ = {
			isa = PBXResourcesBuildPhase;
			buildActionMask = 2147483647;
			files = (
				348BBB4A1FB795C4009AEFEA /* LaunchScreen.storyboard in Resources */,
				348BBB471FB795C4009AEFEA /* Assets.xcassets in Resources */,
				348BBB671FB79C18009AEFEA /* MessageViewController.xib in Resources */,
			);
			runOnlyForDeploymentPostprocessing = 0;
		};
		348BBB4E1FB795C4009AEFEA /* Resources */ = {
			isa = PBXResourcesBuildPhase;
			buildActionMask = 2147483647;
			files = (
			);
			runOnlyForDeploymentPostprocessing = 0;
		};
/* End PBXResourcesBuildPhase section */

/* Begin PBXSourcesBuildPhase section */
		348BBB381FB795C4009AEFEA /* Sources */ = {
			isa = PBXSourcesBuildPhase;
			buildActionMask = 2147483647;
			files = (
				348BBB651FB79AAE009AEFEA /* MessageViewControllerDelegate.swift in Sources */,
				348BBB611FB7970A009AEFEA /* MainViewController.swift in Sources */,
				348BBB421FB795C4009AEFEA /* ViewController.swift in Sources */,
				348BBB631FB7984E009AEFEA /* MessageViewController.swift in Sources */,
				348BBB401FB795C4009AEFEA /* AppDelegate.swift in Sources */,
			);
			runOnlyForDeploymentPostprocessing = 0;
		};
		348BBB4C1FB795C4009AEFEA /* Sources */ = {
			isa = PBXSourcesBuildPhase;
			buildActionMask = 2147483647;
			files = (
				348BBB551FB795C4009AEFEA /* scratchMMVC2Tests.swift in Sources */,
			);
			runOnlyForDeploymentPostprocessing = 0;
		};
/* End PBXSourcesBuildPhase section */

/* Begin PBXTargetDependency section */
		348BBB521FB795C4009AEFEA /* PBXTargetDependency */ = {
			isa = PBXTargetDependency;
			target = 348BBB3B1FB795C4009AEFEA /* scratchMMVC2 */;
			targetProxy = 348BBB511FB795C4009AEFEA /* PBXContainerItemProxy */;
		};
/* End PBXTargetDependency section */

/* Begin PBXVariantGroup section */
		348BBB481FB795C4009AEFEA /* LaunchScreen.storyboard */ = {
			isa = PBXVariantGroup;
			children = (
				348BBB491FB795C4009AEFEA /* Base */,
			);
			name = LaunchScreen.storyboard;
			sourceTree = "<group>";
		};
/* End PBXVariantGroup section */

/* Begin XCBuildConfiguration section */
		348BBB571FB795C4009AEFEA /* Debug */ = {
			isa = XCBuildConfiguration;
			buildSettings = {
				ALWAYS_SEARCH_USER_PATHS = NO;
				CLANG_ANALYZER_NONNULL = YES;
				CLANG_ANALYZER_NUMBER_OBJECT_CONVERSION = YES_AGGRESSIVE;
				CLANG_CXX_LANGUAGE_STANDARD = "gnu++14";
				CLANG_CXX_LIBRARY = "libc++";
				CLANG_ENABLE_MODULES = YES;
				CLANG_ENABLE_OBJC_ARC = YES;
				CLANG_WARN_BLOCK_CAPTURE_AUTORELEASING = YES;
				CLANG_WARN_BOOL_CONVERSION = YES;
				CLANG_WARN_COMMA = YES;
				CLANG_WARN_CONSTANT_CONVERSION = YES;
				CLANG_WARN_DIRECT_OBJC_ISA_USAGE = YES_ERROR;
				CLANG_WARN_DOCUMENTATION_COMMENTS = YES;
				CLANG_WARN_EMPTY_BODY = YES;
				CLANG_WARN_ENUM_CONVERSION = YES;
				CLANG_WARN_INFINITE_RECURSION = YES;
				CLANG_WARN_INT_CONVERSION = YES;
				CLANG_WARN_NON_LITERAL_NULL_CONVERSION = YES;
				CLANG_WARN_OBJC_LITERAL_CONVERSION = YES;
				CLANG_WARN_OBJC_ROOT_CLASS = YES_ERROR;
				CLANG_WARN_RANGE_LOOP_ANALYSIS = YES;
				CLANG_WARN_STRICT_PROTOTYPES = YES;
				CLANG_WARN_SUSPICIOUS_MOVE = YES;
				CLANG_WARN_UNGUARDED_AVAILABILITY = YES_AGGRESSIVE;
				CLANG_WARN_UNREACHABLE_CODE = YES;
				CLANG_WARN__DUPLICATE_METHOD_MATCH = YES;
				CODE_SIGN_IDENTITY = "iPhone Developer";
				COPY_PHASE_STRIP = NO;
				DEBUG_INFORMATION_FORMAT = dwarf;
				ENABLE_STRICT_OBJC_MSGSEND = YES;
				ENABLE_TESTABILITY = YES;
				GCC_C_LANGUAGE_STANDARD = gnu11;
				GCC_DYNAMIC_NO_PIC = NO;
				GCC_NO_COMMON_BLOCKS = YES;
				GCC_OPTIMIZATION_LEVEL = 0;
				GCC_PREPROCESSOR_DEFINITIONS = (
					"DEBUG=1",
					"$(inherited)",
				);
				GCC_WARN_64_TO_32_BIT_CONVERSION = YES;
				GCC_WARN_ABOUT_RETURN_TYPE = YES_ERROR;
				GCC_WARN_UNDECLARED_SELECTOR = YES;
				GCC_WARN_UNINITIALIZED_AUTOS = YES_AGGRESSIVE;
				GCC_WARN_UNUSED_FUNCTION = YES;
				GCC_WARN_UNUSED_VARIABLE = YES;
				IPHONEOS_DEPLOYMENT_TARGET = 11.0;
				MTL_ENABLE_DEBUG_INFO = YES;
				ONLY_ACTIVE_ARCH = YES;
				SDKROOT = iphoneos;
				SWIFT_ACTIVE_COMPILATION_CONDITIONS = DEBUG;
				SWIFT_OPTIMIZATION_LEVEL = "-Onone";
			};
			name = Debug;
		};
		348BBB581FB795C4009AEFEA /* Release */ = {
			isa = XCBuildConfiguration;
			buildSettings = {
				ALWAYS_SEARCH_USER_PATHS = NO;
				CLANG_ANALYZER_NONNULL = YES;
				CLANG_ANALYZER_NUMBER_OBJECT_CONVERSION = YES_AGGRESSIVE;
				CLANG_CXX_LANGUAGE_STANDARD = "gnu++14";
				CLANG_CXX_LIBRARY = "libc++";
				CLANG_ENABLE_MODULES = YES;
				CLANG_ENABLE_OBJC_ARC = YES;
				CLANG_WARN_BLOCK_CAPTURE_AUTORELEASING = YES;
				CLANG_WARN_BOOL_CONVERSION = YES;
				CLANG_WARN_COMMA = YES;
				CLANG_WARN_CONSTANT_CONVERSION = YES;
				CLANG_WARN_DIRECT_OBJC_ISA_USAGE = YES_ERROR;
				CLANG_WARN_DOCUMENTATION_COMMENTS = YES;
				CLANG_WARN_EMPTY_BODY = YES;
				CLANG_WARN_ENUM_CONVERSION = YES;
				CLANG_WARN_INFINITE_RECURSION = YES;
				CLANG_WARN_INT_CONVERSION = YES;
				CLANG_WARN_NON_LITERAL_NULL_CONVERSION = YES;
				CLANG_WARN_OBJC_LITERAL_CONVERSION = YES;
				CLANG_WARN_OBJC_ROOT_CLASS = YES_ERROR;
				CLANG_WARN_RANGE_LOOP_ANALYSIS = YES;
				CLANG_WARN_STRICT_PROTOTYPES = YES;
				CLANG_WARN_SUSPICIOUS_MOVE = YES;
				CLANG_WARN_UNGUARDED_AVAILABILITY = YES_AGGRESSIVE;
				CLANG_WARN_UNREACHABLE_CODE = YES;
				CLANG_WARN__DUPLICATE_METHOD_MATCH = YES;
				CODE_SIGN_IDENTITY = "iPhone Developer";
				COPY_PHASE_STRIP = NO;
				DEBUG_INFORMATION_FORMAT = "dwarf-with-dsym";
				ENABLE_NS_ASSERTIONS = NO;
				ENABLE_STRICT_OBJC_MSGSEND = YES;
				GCC_C_LANGUAGE_STANDARD = gnu11;
				GCC_NO_COMMON_BLOCKS = YES;
				GCC_WARN_64_TO_32_BIT_CONVERSION = YES;
				GCC_WARN_ABOUT_RETURN_TYPE = YES_ERROR;
				GCC_WARN_UNDECLARED_SELECTOR = YES;
				GCC_WARN_UNINITIALIZED_AUTOS = YES_AGGRESSIVE;
				GCC_WARN_UNUSED_FUNCTION = YES;
				GCC_WARN_UNUSED_VARIABLE = YES;
				IPHONEOS_DEPLOYMENT_TARGET = 11.0;
				MTL_ENABLE_DEBUG_INFO = NO;
				SDKROOT = iphoneos;
				SWIFT_OPTIMIZATION_LEVEL = "-Owholemodule";
				VALIDATE_PRODUCT = YES;
			};
			name = Release;
		};
		348BBB5A1FB795C4009AEFEA /* Debug */ = {
			isa = XCBuildConfiguration;
			buildSettings = {
				ASSETCATALOG_COMPILER_APPICON_NAME = AppIcon;
				CODE_SIGN_STYLE = Automatic;
				DEVELOPMENT_TEAM = 27QRRWZMS6;
				INFOPLIST_FILE = scratchMMVC2/Info.plist;
				LD_RUNPATH_SEARCH_PATHS = "$(inherited) @executable_path/Frameworks";
				PRODUCT_BUNDLE_IDENTIFIER = com.vjosullivan.scratchMMVC2;
				PRODUCT_NAME = "$(TARGET_NAME)";
				SWIFT_VERSION = 4.0;
				TARGETED_DEVICE_FAMILY = "1,2";
			};
			name = Debug;
		};
		348BBB5B1FB795C4009AEFEA /* Release */ = {
			isa = XCBuildConfiguration;
			buildSettings = {
				ASSETCATALOG_COMPILER_APPICON_NAME = AppIcon;
				CODE_SIGN_STYLE = Automatic;
				DEVELOPMENT_TEAM = 27QRRWZMS6;
				INFOPLIST_FILE = scratchMMVC2/Info.plist;
				LD_RUNPATH_SEARCH_PATHS = "$(inherited) @executable_path/Frameworks";
				PRODUCT_BUNDLE_IDENTIFIER = com.vjosullivan.scratchMMVC2;
				PRODUCT_NAME = "$(TARGET_NAME)";
				SWIFT_VERSION = 4.0;
				TARGETED_DEVICE_FAMILY = "1,2";
			};
			name = Release;
		};
		348BBB5D1FB795C4009AEFEA /* Debug */ = {
			isa = XCBuildConfiguration;
			buildSettings = {
				ALWAYS_EMBED_SWIFT_STANDARD_LIBRARIES = YES;
				BUNDLE_LOADER = "$(TEST_HOST)";
				CODE_SIGN_STYLE = Automatic;
				DEVELOPMENT_TEAM = 27QRRWZMS6;
				INFOPLIST_FILE = scratchMMVC2Tests/Info.plist;
				LD_RUNPATH_SEARCH_PATHS = "$(inherited) @executable_path/Frameworks @loader_path/Frameworks";
				PRODUCT_BUNDLE_IDENTIFIER = com.vjosullivan.scratchMMVC2Tests;
				PRODUCT_NAME = "$(TARGET_NAME)";
				SWIFT_VERSION = 4.0;
				TARGETED_DEVICE_FAMILY = "1,2";
				TEST_HOST = "$(BUILT_PRODUCTS_DIR)/scratchMMVC2.app/scratchMMVC2";
			};
			name = Debug;
		};
		348BBB5E1FB795C4009AEFEA /* Release */ = {
			isa = XCBuildConfiguration;
			buildSettings = {
				ALWAYS_EMBED_SWIFT_STANDARD_LIBRARIES = YES;
				BUNDLE_LOADER = "$(TEST_HOST)";
				CODE_SIGN_STYLE = Automatic;
				DEVELOPMENT_TEAM = 27QRRWZMS6;
				INFOPLIST_FILE = scratchMMVC2Tests/Info.plist;
				LD_RUNPATH_SEARCH_PATHS = "$(inherited) @executable_path/Frameworks @loader_path/Frameworks";
				PRODUCT_BUNDLE_IDENTIFIER = com.vjosullivan.scratchMMVC2Tests;
				PRODUCT_NAME = "$(TARGET_NAME)";
				SWIFT_VERSION = 4.0;
				TARGETED_DEVICE_FAMILY = "1,2";
				TEST_HOST = "$(BUILT_PRODUCTS_DIR)/scratchMMVC2.app/scratchMMVC2";
			};
			name = Release;
		};
/* End XCBuildConfiguration section */

/* Begin XCConfigurationList section */
		348BBB371FB795C4009AEFEA /* Build configuration list for PBXProject "scratchMMVC2" */ = {
			isa = XCConfigurationList;
			buildConfigurations = (
				348BBB571FB795C4009AEFEA /* Debug */,
				348BBB581FB795C4009AEFEA /* Release */,
			);
			defaultConfigurationIsVisible = 0;
			defaultConfigurationName = Release;
		};
		348BBB591FB795C4009AEFEA /* Build configuration list for PBXNativeTarget "scratchMMVC2" */ = {
			isa = XCConfigurationList;
			buildConfigurations = (
				348BBB5A1FB795C4009AEFEA /* Debug */,
				348BBB5B1FB795C4009AEFEA /* Release */,
			);
			defaultConfigurationIsVisible = 0;
			defaultConfigurationName = Release;
		};
		348BBB5C1FB795C4009AEFEA /* Build configuration list for PBXNativeTarget "scratchMMVC2Tests" */ = {
			isa = XCConfigurationList;
			buildConfigurations = (
				348BBB5D1FB795C4009AEFEA /* Debug */,
				348BBB5E1FB795C4009AEFEA /* Release */,
			);
			defaultConfigurationIsVisible = 0;
			defaultConfigurationName = Release;
		};
/* End XCConfigurationList section */
	};
	rootObject = 348BBB341FB795C4009AEFEA /* Project object */;
}
